
Microsoft Visual Studio Solution File, Format Version 12.00
# Visual Studio Version 16
VisualStudioVersion = 16.0.33027.164
MinimumVisualStudioVersion = 10.0.40219.1
Project("{F184B08F-C81C-45F6-A57F-5ABD9991F28F}") = "Test1Unidad3", "Test1Unidad3.vbproj", "{94818DA3-B989-4F4C-B59B-A9D12D7D1E3D}"
EndProject
Global
	GlobalSection(SolutionConfigurationPlatforms) = preSolution
		Debug|Any CPU = Debug|Any CPU
		Release|Any CPU = Release|Any CPU
	EndGlobalSection
	GlobalSection(ProjectConfigurationPlatforms) = postSolution
		{94818DA3-B989-4F4C-B59B-A9D12D7D1E3D}.Debug|Any CPU.ActiveCfg = Debug|Any CPU
		{94818DA3-B989-4F4C-B59B-A9D12D7D1E3D}.Debug|Any CPU.Build.0 = Debug|Any CPU
		{94818DA3-B989-4F4C-B59B-A9D12D7D1E3D}.Release|Any CPU.ActiveCfg = Release|Any CPU
		{94818DA3-B989-4F4C-B59B-A9D12D7D1E3D}.Release|Any CPU.Build.0 = Release|Any CPU
	EndGlobalSection
	GlobalSection(SolutionProperties) = preSolution
		HideSolutionNode = FALSE
	EndGlobalSection
	GlobalSection(ExtensibilityGlobals) = postSolution
		SolutionGuid = {36682DDA-13F5-41B4-8234-7F6838CF8CF7}
	EndGlobalSection
EndGlobal
